// !$*UTF8*$!
{
	archiveVersion = 1;
	classes = {
	};
	objectVersion = 77;
	objects = {

/* Begin PBXBuildFile section */
		855BFC042CCA9A6500EB01D7 /* Alamofire in Frameworks */ = {isa = PBXBuildFile; productRef = 855BFC032CCA9A6500EB01D7 /* Alamofire */; };
/* End PBXBuildFile section */

/* Begin PBXContainerItemProxy section */
		8563AFA42CC9811D00DAF27E /* PBXContainerItemProxy */ = {
			isa = PBXContainerItemProxy;
			containerPortal = 8563AF852CC9811900DAF27E /* Project object */;
			proxyType = 1;
			remoteGlobalIDString = 8563AF8C2CC9811900DAF27E;
			remoteInfo = WA6_Abdo_8674;
		};
		8563AFAE2CC9811D00DAF27E /* PBXContainerItemProxy */ = {
			isa = PBXContainerItemProxy;
			containerPortal = 8563AF852CC9811900DAF27E /* Project object */;
			proxyType = 1;
			remoteGlobalIDString = 8563AF8C2CC9811900DAF27E;
			remoteInfo = WA6_Abdo_8674;
		};
/* End PBXContainerItemProxy section */

/* Begin PBXFileReference section */
		8563AF8D2CC9811900DAF27E /* WA6_Abdo_8674.app */ = {isa = PBXFileReference; explicitFileType = wrapper.application; includeInIndex = 0; path = WA6_Abdo_8674.app; sourceTree = BUILT_PRODUCTS_DIR; };
		8563AFA32CC9811D00DAF27E /* WA6_Abdo_8674Tests.xctest */ = {isa = PBXFileReference; explicitFileType = wrapper.cfbundle; includeInIndex = 0; path = WA6_Abdo_8674Tests.xctest; sourceTree = BUILT_PRODUCTS_DIR; };
		8563AFAD2CC9811D00DAF27E /* WA6_Abdo_8674UITests.xctest */ = {isa = PBXFileReference; explicitFileType = wrapper.cfbundle; includeInIndex = 0; path = WA6_Abdo_8674UITests.xctest; sourceTree = BUILT_PRODUCTS_DIR; };
/* End PBXFileReference section */

/* Begin PBXFileSystemSynchronizedBuildFileExceptionSet section */
		8563AFB52CC9811D00DAF27E /* Exceptions for "WA6_Abdo_8674" folder in "WA6_Abdo_8674" target */ = {
			isa = PBXFileSystemSynchronizedBuildFileExceptionSet;
			membershipExceptions = (
				Info.plist,
			);
			target = 8563AF8C2CC9811900DAF27E /* WA6_Abdo_8674 */;
		};
/* End PBXFileSystemSynchronizedBuildFileExceptionSet section */

/* Begin PBXFileSystemSynchronizedRootGroup section */
		8563AF8F2CC9811900DAF27E /* WA6_Abdo_8674 */ = {
			isa = PBXFileSystemSynchronizedRootGroup;
			exceptions = (
				8563AFB52CC9811D00DAF27E /* Exceptions for "WA6_Abdo_8674" folder in "WA6_Abdo_8674" target */,
			);
			path = WA6_Abdo_8674;
			sourceTree = "<group>";
		};
		8563AFA62CC9811D00DAF27E /* WA6_Abdo_8674Tests */ = {
			isa = PBXFileSystemSynchronizedRootGroup;
			path = WA6_Abdo_8674Tests;
			sourceTree = "<group>";
		};
		8563AFB02CC9811D00DAF27E /* WA6_Abdo_8674UITests */ = {
			isa = PBXFileSystemSynchronizedRootGroup;
			path = WA6_Abdo_8674UITests;
			sourceTree = "<group>";
		};
/* End PBXFileSystemSynchronizedRootGroup section */

/* Begin PBXFrameworksBuildPhase section */
		8563AF8A2CC9811900DAF27E /* Frameworks */ = {
			isa = PBXFrameworksBuildPhase;
			buildActionMask = 2147483647;
			files = (
				855BFC042CCA9A6500EB01D7 /* Alamofire in Frameworks */,
			);
			runOnlyForDeploymentPostprocessing = 0;
		};
		8563AFA02CC9811D00DAF27E /* Frameworks */ = {
			isa = PBXFrameworksBuildPhase;
			buildActionMask = 2147483647;
			files = (
			);
			runOnlyForDeploymentPostprocessing = 0;
		};
		8563AFAA2CC9811D00DAF27E /* Frameworks */ = {
			isa = PBXFrameworksBuildPhase;
			buildActionMask = 2147483647;
			files = (
			);
			runOnlyForDeploymentPostprocessing = 0;
		};
/* End PBXFrameworksBuildPhase section */

/* Begin PBXGroup section */
		8563AF842CC9811900DAF27E = {
			isa = PBXGroup;
			children = (
				8563AF8F2CC9811900DAF27E /* WA6_Abdo_8674 */,
				8563AFA62CC9811D00DAF27E /* WA6_Abdo_8674Tests */,
				8563AFB02CC9811D00DAF27E /* WA6_Abdo_8674UITests */,
				8563AF8E2CC9811900DAF27E /* Products */,
			);
			sourceTree = "<group>";
		};
		8563AF8E2CC9811900DAF27E /* Products */ = {
			isa = PBXGroup;
			children = (
				8563AF8D2CC9811900DAF27E /* WA6_Abdo_8674.app */,
				8563AFA32CC9811D00DAF27E /* WA6_Abdo_8674Tests.xctest */,
				8563AFAD2CC9811D00DAF27E /* WA6_Abdo_8674UITests.xctest */,
			);
			name = Products;
			sourceTree = "<group>";
		};
/* End PBXGroup section */

/* Begin PBXNativeTarget section */
		8563AF8C2CC9811900DAF27E /* WA6_Abdo_8674 */ = {
			isa = PBXNativeTarget;
			buildConfigurationList = 8563AFB62CC9811D00DAF27E /* Build configuration list for PBXNativeTarget "WA6_Abdo_8674" */;
			buildPhases = (
				8563AF892CC9811900DAF27E /* Sources */,
				8563AF8A2CC9811900DAF27E /* Frameworks */,
				8563AF8B2CC9811900DAF27E /* Resources */,
			);
			buildRules = (
			);
			dependencies = (
			);
			fileSystemSynchronizedGroups = (
				8563AF8F2CC9811900DAF27E /* WA6_Abdo_8674 */,
			);
			name = WA6_Abdo_8674;
			packageProductDependencies = (
				855BFC032CCA9A6500EB01D7 /* Alamofire */,
			);
			productName = WA6_Abdo_8674;
			productReference = 8563AF8D2CC9811900DAF27E /* WA6_Abdo_8674.app */;
			productType = "com.apple.product-type.application";
		};
		8563AFA22CC9811D00DAF27E /* WA6_Abdo_8674Tests */ = {
			isa = PBXNativeTarget;
			buildConfigurationList = 8563AFBB2CC9811D00DAF27E /* Build configuration list for PBXNativeTarget "WA6_Abdo_8674Tests" */;
			buildPhases = (
				8563AF9F2CC9811D00DAF27E /* Sources */,
				8563AFA02CC9811D00DAF27E /* Frameworks */,
				8563AFA12CC9811D00DAF27E /* Resources */,
			);
			buildRules = (
			);
			dependencies = (
				8563AFA52CC9811D00DAF27E /* PBXTargetDependency */,
			);
			fileSystemSynchronizedGroups = (
				8563AFA62CC9811D00DAF27E /* WA6_Abdo_8674Tests */,
			);
			name = WA6_Abdo_8674Tests;
			packageProductDependencies = (
			);
			productName = WA6_Abdo_8674Tests;
			productReference = 8563AFA32CC9811D00DAF27E /* WA6_Abdo_8674Tests.xctest */;
			productType = "com.apple.product-type.bundle.unit-test";
		};
		8563AFAC2CC9811D00DAF27E /* WA6_Abdo_8674UITests */ = {
			isa = PBXNativeTarget;
			buildConfigurationList = 8563AFBE2CC9811D00DAF27E /* Build configuration list for PBXNativeTarget "WA6_Abdo_8674UITests" */;
			buildPhases = (
				8563AFA92CC9811D00DAF27E /* Sources */,
				8563AFAA2CC9811D00DAF27E /* Frameworks */,
				8563AFAB2CC9811D00DAF27E /* Resources */,
			);
			buildRules = (
			);
			dependencies = (
				8563AFAF2CC9811D00DAF27E /* PBXTargetDependency */,
			);
			fileSystemSynchronizedGroups = (
				8563AFB02CC9811D00DAF27E /* WA6_Abdo_8674UITests */,
			);
			name = WA6_Abdo_8674UITests;
			packageProductDependencies = (
			);
			productName = WA6_Abdo_8674UITests;
			productReference = 8563AFAD2CC9811D00DAF27E /* WA6_Abdo_8674UITests.xctest */;
			productType = "com.apple.product-type.bundle.ui-testing";
		};
/* End PBXNativeTarget section */

/* Begin PBXProject section */
		8563AF852CC9811900DAF27E /* Project object */ = {
			isa = PBXProject;
			attributes = {
				BuildIndependentTargetsInParallel = 1;
				LastSwiftUpdateCheck = 1600;
				LastUpgradeCheck = 1600;
				TargetAttributes = {
					8563AF8C2CC9811900DAF27E = {
						CreatedOnToolsVersion = 16.0;
					};
					8563AFA22CC9811D00DAF27E = {
						CreatedOnToolsVersion = 16.0;
						TestTargetID = 8563AF8C2CC9811900DAF27E;
					};
					8563AFAC2CC9811D00DAF27E = {
						CreatedOnToolsVersion = 16.0;
						TestTargetID = 8563AF8C2CC9811900DAF27E;
					};
				};
			};
			buildConfigurationList = 8563AF882CC9811900DAF27E /* Build configuration list for PBXProject "WA6_Abdo_8674" */;
			developmentRegion = en;
			hasScannedForEncodings = 0;
			knownRegions = (
				en,
				Base,
			);
			mainGroup = 8563AF842CC9811900DAF27E;
			minimizedProjectReferenceProxies = 1;
			packageReferences = (
				8563AFC12CC9867000DAF27E /* XCRemoteSwiftPackageReference "Alamofire" */,
			);
			preferredProjectObjectVersion = 77;
			productRefGroup = 8563AF8E2CC9811900DAF27E /* Products */;
			projectDirPath = "";
			projectRoot = "";
			targets = (
				8563AF8C2CC9811900DAF27E /* WA6_Abdo_8674 */,
				8563AFA22CC9811D00DAF27E /* WA6_Abdo_8674Tests */,
				8563AFAC2CC9811D00DAF27E /* WA6_Abdo_8674UITests */,
			);
		};
/* End PBXProject section */

/* Begin PBXResourcesBuildPhase section */
		8563AF8B2CC9811900DAF27E /* Resources */ = {
			isa = PBXResourcesBuildPhase;
			buildActionMask = 2147483647;
			files = (
			);
			runOnlyForDeploymentPostprocessing = 0;
		};
		8563AFA12CC9811D00DAF27E /* Resources */ = {
			isa = PBXResourcesBuildPhase;
			buildActionMask = 2147483647;
			files = (
			);
			runOnlyForDeploymentPostprocessing = 0;
		};
		8563AFAB2CC9811D00DAF27E /* Resources */ = {
			isa = PBXResourcesBuildPhase;
			buildActionMask = 2147483647;
			files = (
			);
			runOnlyForDeploymentPostprocessing = 0;
		};
/* End PBXResourcesBuildPhase section */

/* Begin PBXSourcesBuildPhase section */
		8563AF892CC9811900DAF27E /* Sources */ = {
			isa = PBXSourcesBuildPhase;
			buildActionMask = 2147483647;
			files = (
			);
			runOnlyForDeploymentPostprocessing = 0;
		};
		8563AF9F2CC9811D00DAF27E /* Sources */ = {
			isa = PBXSourcesBuildPhase;
			buildActionMask = 2147483647;
			files = (
			);
			runOnlyForDeploymentPostprocessing = 0;
		};
		8563AFA92CC9811D00DAF27E /* Sources */ = {
			isa = PBXSourcesBuildPhase;
			buildActionMask = 2147483647;
			files = (
			);
			runOnlyForDeploymentPostprocessing = 0;
		};
/* End PBXSourcesBuildPhase section */

/* Begin PBXTargetDependency section */
		8563AFA52CC9811D00DAF27E /* PBXTargetDependency */ = {
			isa = PBXTargetDependency;
			target = 8563AF8C2CC9811900DAF27E /* WA6_Abdo_8674 */;
			targetProxy = 8563AFA42CC9811D00DAF27E /* PBXContainerItemProxy */;
		};
		8563AFAF2CC9811D00DAF27E /* PBXTargetDependency */ = {
			isa = PBXTargetDependency;
			target = 8563AF8C2CC9811900DAF27E /* WA6_Abdo_8674 */;
			targetProxy = 8563AFAE2CC9811D00DAF27E /* PBXContainerItemProxy */;
		};
/* End PBXTargetDependency section */

/* Begin XCBuildConfiguration section */
		8563AFB72CC9811D00DAF27E /* Debug */ = {
			isa = XCBuildConfiguration;
			buildSettings = {
				ASSETCATALOG_COMPILER_APPICON_NAME = AppIcon;
				ASSETCATALOG_COMPILER_GLOBAL_ACCENT_COLOR_NAME = AccentColor;
				CODE_SIGN_STYLE = Automatic;
				CURRENT_PROJECT_VERSION = 1;
				DEVELOPMENT_TEAM = 356463MXJ8;
				GENERATE_INFOPLIST_FILE = YES;
				INFOPLIST_FILE = WA6_Abdo_8674/Info.plist;
				INFOPLIST_KEY_UIApplicationSupportsIndirectInputEvents = YES;
				INFOPLIST_KEY_UILaunchStoryboardName = LaunchScreen;
				INFOPLIST_KEY_UIMainStoryboardFile = Main;
				INFOPLIST_KEY_UISupportedInterfaceOrientations_iPad = "UIInterfaceOrientationPortrait UIInterfaceOrientationPortraitUpsideDown UIInterfaceOrientationLandscapeLeft UIInterfaceOrientationLandscapeRight";
				INFOPLIST_KEY_UISupportedInterfaceOrientations_iPhone = "UIInterfaceOrientationPortrait UIInterfaceOrientationLandscapeLeft UIInterfaceOrientationLandscapeRight";
				LD_RUNPATH_SEARCH_PATHS = (
					"$(inherited)",
					"@executable_path/Frameworks",
				);
				MARKETING_VERSION = 1.0;
				PRODUCT_BUNDLE_IDENTIFIER = "com.danaxabdo.WA6-Abdo-8674";
				PRODUCT_NAME = "$(TARGET_NAME)";
				SWIFT_EMIT_LOC_STRINGS = YES;
				SWIFT_VERSION = 5.0;
				TARGETED_DEVICE_FAMILY = "1,2";
			};
			name = Debug;
		};
		8563AFB82CC9811D00DAF27E /* Release */ = {
			isa = XCBuildConfiguration;
			buildSettings = {
				ASSETCATALOG_COMPILER_APPICON_NAME = AppIcon;
				ASSETCATALOG_COMPILER_GLOBAL_ACCENT_COLOR_NAME = AccentColor;
				CODE_SIGN_STYLE = Automatic;
				CURRENT_PROJECT_VERSION = 1;
				DEVELOPMENT_TEAM = 356463MXJ8;
				GENERATE_INFOPLIST_FILE = YES;
				INFOPLIST_FILE = WA6_Abdo_8674/Info.plist;
				INFOPLIST_KEY_UIApplicationSupportsIndirectInputEvents = YES;
				INFOPLIST_KEY_UILaunchStoryboardName = LaunchScreen;
				INFOPLIST_KEY_UIMainStoryboardFile = Main;
				INFOPLIST_KEY_UISupportedInterfaceOrientations_iPad = "UIInterfaceOrientationPortrait UIInterfaceOrientationPortraitUpsideDown UIInterfaceOrientationLandscapeLeft UIInterfaceOrientationLandscapeRight";
				INFOPLIST_KEY_UISupportedInterfaceOrientations_iPhone = "UIInterfaceOrientationPortrait UIInterfaceOrientationLandscapeLeft UIInterfaceOrientationLandscapeRight";
				LD_RUNPATH_SEARCH_PATHS = (
					"$(inherited)",
					"@executable_path/Frameworks",
				);
				MARKETING_VERSION = 1.0;
				PRODUCT_BUNDLE_IDENTIFIER = "com.danaxabdo.WA6-Abdo-8674";
				PRODUCT_NAME = "$(TARGET_NAME)";
				SWIFT_EMIT_LOC_STRINGS = YES;
				SWIFT_VERSION = 5.0;
				TARGETED_DEVICE_FAMILY = "1,2";
			};
			name = Release;
		};
		8563AFB92CC9811D00DAF27E /* Debug */ = {
			isa = XCBuildConfiguration;
			buildSettings = {
				ALWAYS_SEARCH_USER_PATHS = NO;
				ASSETCATALOG_COMPILER_GENERATE_SWIFT_ASSET_SYMBOL_EXTENSIONS = YES;
				CLANG_ANALYZER_NONNULL = YES;
				CLANG_ANALYZER_NUMBER_OBJECT_CONVERSION = YES_AGGRESSIVE;
				CLANG_CXX_LANGUAGE_STANDARD = "gnu++20";
				CLANG_ENABLE_MODULES = YES;
				CLANG_ENABLE_OBJC_ARC = YES;
				CLANG_ENABLE_OBJC_WEAK = YES;
				CLANG_WARN_BLOCK_CAPTURE_AUTORELEASING = YES;
				CLANG_WARN_BOOL_CONVERSION = YES;
				CLANG_WARN_COMMA = YES;
				CLANG_WARN_CONSTANT_CONVERSION = YES;
				CLANG_WARN_DEPRECATED_OBJC_IMPLEMENTATIONS = YES;
				CLANG_WARN_DIRECT_OBJC_ISA_USAGE = YES_ERROR;
				CLANG_WARN_DOCUMENTATION_COMMENTS = YES;
				CLANG_WARN_EMPTY_BODY = YES;
				CLANG_WARN_ENUM_CONVERSION = YES;
				CLANG_WARN_INFINITE_RECURSION = YES;
				CLANG_WARN_INT_CONVERSION = YES;
				CLANG_WARN_NON_LITERAL_NULL_CONVERSION = YES;
				CLANG_WARN_OBJC_IMPLICIT_RETAIN_SELF = YES;
				CLANG_WARN_OBJC_LITERAL_CONVERSION = YES;
				CLANG_WARN_OBJC_ROOT_CLASS = YES_ERROR;
				CLANG_WARN_QUOTED_INCLUDE_IN_FRAMEWORK_HEADER = YES;
				CLANG_WARN_RANGE_LOOP_ANALYSIS = YES;
				CLANG_WARN_STRICT_PROTOTYPES = YES;
				CLANG_WARN_SUSPICIOUS_MOVE = YES;
				CLANG_WARN_UNGUARDED_AVAILABILITY = YES_AGGRESSIVE;
				CLANG_WARN_UNREACHABLE_CODE = YES;
				CLANG_WARN__DUPLICATE_METHOD_MATCH = YES;
				COPY_PHASE_STRIP = NO;
				DEBUG_INFORMATION_FORMAT = dwarf;
				ENABLE_STRICT_OBJC_MSGSEND = YES;
				ENABLE_TESTABILITY = YES;
				ENABLE_USER_SCRIPT_SANDBOXING = YES;
				GCC_C_LANGUAGE_STANDARD = gnu17;
				GCC_DYNAMIC_NO_PIC = NO;
				GCC_NO_COMMON_BLOCKS = YES;
				GCC_OPTIMIZATION_LEVEL = 0;
				GCC_PREPROCESSOR_DEFINITIONS = (
					"DEBUG=1",
					"$(inherited)",
				);
				GCC_WARN_64_TO_32_BIT_CONVERSION = YES;
				GCC_WARN_ABOUT_RETURN_TYPE = YES_ERROR;
				GCC_WARN_UNDECLARED_SELECTOR = YES;
				GCC_WARN_UNINITIALIZED_AUTOS = YES_AGGRESSIVE;
				GCC_WARN_UNUSED_FUNCTION = YES;
				GCC_WARN_UNUSED_VARIABLE = YES;
				IPHONEOS_DEPLOYMENT_TARGET = 18.0;
				LOCALIZATION_PREFERS_STRING_CATALOGS = YES;
				MTL_ENABLE_DEBUG_INFO = INCLUDE_SOURCE;
				MTL_FAST_MATH = YES;
				ONLY_ACTIVE_ARCH = YES;
				SDKROOT = iphoneos;
				SWIFT_ACTIVE_COMPILATION_CONDITIONS = "DEBUG $(inherited)";
				SWIFT_OPTIMIZATION_LEVEL = "-Onone";
			};
			name = Debug;
		};
		8563AFBA2CC9811D00DAF27E /* Release */ = {
			isa = XCBuildConfiguration;
			buildSettings = {
				ALWAYS_SEARCH_USER_PATHS = NO;
				ASSETCATALOG_COMPILER_GENERATE_SWIFT_ASSET_SYMBOL_EXTENSIONS = YES;
				CLANG_ANALYZER_NONNULL = YES;
				CLANG_ANALYZER_NUMBER_OBJECT_CONVERSION = YES_AGGRESSIVE;
				CLANG_CXX_LANGUAGE_STANDARD = "gnu++20";
				CLANG_ENABLE_MODULES = YES;
				CLANG_ENABLE_OBJC_ARC = YES;
				CLANG_ENABLE_OBJC_WEAK = YES;
				CLANG_WARN_BLOCK_CAPTURE_AUTORELEASING = YES;
				CLANG_WARN_BOOL_CONVERSION = YES;
				CLANG_WARN_COMMA = YES;
				CLANG_WARN_CONSTANT_CONVERSION = YES;
				CLANG_WARN_DEPRECATED_OBJC_IMPLEMENTATIONS = YES;
				CLANG_WARN_DIRECT_OBJC_ISA_USAGE = YES_ERROR;
				CLANG_WARN_DOCUMENTATION_COMMENTS = YES;
				CLANG_WARN_EMPTY_BODY = YES;
				CLANG_WARN_ENUM_CONVERSION = YES;
				CLANG_WARN_INFINITE_RECURSION = YES;
				CLANG_WARN_INT_CONVERSION = YES;
				CLANG_WARN_NON_LITERAL_NULL_CONVERSION = YES;
				CLANG_WARN_OBJC_IMPLICIT_RETAIN_SELF = YES;
				CLANG_WARN_OBJC_LITERAL_CONVERSION = YES;
				CLANG_WARN_OBJC_ROOT_CLASS = YES_ERROR;
				CLANG_WARN_QUOTED_INCLUDE_IN_FRAMEWORK_HEADER = YES;
				CLANG_WARN_RANGE_LOOP_ANALYSIS = YES;
				CLANG_WARN_STRICT_PROTOTYPES = YES;
				CLANG_WARN_SUSPICIOUS_MOVE = YES;
				CLANG_WARN_UNGUARDED_AVAILABILITY = YES_AGGRESSIVE;
				CLANG_WARN_UNREACHABLE_CODE = YES;
				CLANG_WARN__DUPLICATE_METHOD_MATCH = YES;
				COPY_PHASE_STRIP = NO;
				DEBUG_INFORMATION_FORMAT = "dwarf-with-dsym";
				ENABLE_NS_ASSERTIONS = NO;
				ENABLE_STRICT_OBJC_MSGSEND = YES;
				ENABLE_USER_SCRIPT_SANDBOXING = YES;
				GCC_C_LANGUAGE_STANDARD = gnu17;
				GCC_NO_COMMON_BLOCKS = YES;
				GCC_WARN_64_TO_32_BIT_CONVERSION = YES;
				GCC_WARN_ABOUT_RETURN_TYPE = YES_ERROR;
				GCC_WARN_UNDECLARED_SELECTOR = YES;
				GCC_WARN_UNINITIALIZED_AUTOS = YES_AGGRESSIVE;
				GCC_WARN_UNUSED_FUNCTION = YES;
				GCC_WARN_UNUSED_VARIABLE = YES;
				IPHONEOS_DEPLOYMENT_TARGET = 18.0;
				LOCALIZATION_PREFERS_STRING_CATALOGS = YES;
				MTL_ENABLE_DEBUG_INFO = NO;
				MTL_FAST_MATH = YES;
				SDKROOT = iphoneos;
				SWIFT_COMPILATION_MODE = wholemodule;
				VALIDATE_PRODUCT = YES;
			};
			name = Release;
		};
		8563AFBC2CC9811D00DAF27E /* Debug */ = {
			isa = XCBuildConfiguration;
			buildSettings = {
				BUNDLE_LOADER = "$(TEST_HOST)";
				CODE_SIGN_STYLE = Automatic;
				CURRENT_PROJECT_VERSION = 1;
				DEVELOPMENT_TEAM = 356463MXJ8;
				GENERATE_INFOPLIST_FILE = YES;
				IPHONEOS_DEPLOYMENT_TARGET = 18.0;
				MARKETING_VERSION = 1.0;
				PRODUCT_BUNDLE_IDENTIFIER = "com.danaxabdo.WA6-Abdo-8674Tests";
				PRODUCT_NAME = "$(TARGET_NAME)";
				SWIFT_EMIT_LOC_STRINGS = NO;
				SWIFT_VERSION = 5.0;
				TARGETED_DEVICE_FAMILY = "1,2";
				TEST_HOST = "$(BUILT_PRODUCTS_DIR)/WA6_Abdo_8674.app/$(BUNDLE_EXECUTABLE_FOLDER_PATH)/WA6_Abdo_8674";
			};
			name = Debug;
		};
		8563AFBD2CC9811D00DAF27E /* Release */ = {
			isa = XCBuildConfiguration;
			buildSettings = {
				BUNDLE_LOADER = "$(TEST_HOST)";
				CODE_SIGN_STYLE = Automatic;
				CURRENT_PROJECT_VERSION = 1;
				DEVELOPMENT_TEAM = 356463MXJ8;
				GENERATE_INFOPLIST_FILE = YES;
				IPHONEOS_DEPLOYMENT_TARGET = 18.0;
				MARKETING_VERSION = 1.0;
				PRODUCT_BUNDLE_IDENTIFIER = "com.danaxabdo.WA6-Abdo-8674Tests";
				PRODUCT_NAME = "$(TARGET_NAME)";
				SWIFT_EMIT_LOC_STRINGS = NO;
				SWIFT_VERSION = 5.0;
				TARGETED_DEVICE_FAMILY = "1,2";
				TEST_HOST = "$(BUILT_PRODUCTS_DIR)/WA6_Abdo_8674.app/$(BUNDLE_EXECUTABLE_FOLDER_PATH)/WA6_Abdo_8674";
			};
			name = Release;
		};
		8563AFBF2CC9811D00DAF27E /* Debug */ = {
			isa = XCBuildConfiguration;
			buildSettings = {
				CODE_SIGN_STYLE = Automatic;
				CURRENT_PROJECT_VERSION = 1;
				DEVELOPMENT_TEAM = 356463MXJ8;
				GENERATE_INFOPLIST_FILE = YES;
				MARKETING_VERSION = 1.0;
				PRODUCT_BUNDLE_IDENTIFIER = "com.danaxabdo.WA6-Abdo-8674UITests";
				PRODUCT_NAME = "$(TARGET_NAME)";
				SWIFT_EMIT_LOC_STRINGS = NO;
				SWIFT_VERSION = 5.0;
				TARGETED_DEVICE_FAMILY = "1,2";
				TEST_TARGET_NAME = WA6_Abdo_8674;
			};
			name = Debug;
		};
		8563AFC02CC9811D00DAF27E /* Release */ = {
			isa = XCBuildConfiguration;
			buildSettings = {
				CODE_SIGN_STYLE = Automatic;
				CURRENT_PROJECT_VERSION = 1;
				DEVELOPMENT_TEAM = 356463MXJ8;
				GENERATE_INFOPLIST_FILE = YES;
				MARKETING_VERSION = 1.0;
				PRODUCT_BUNDLE_IDENTIFIER = "com.danaxabdo.WA6-Abdo-8674UITests";
				PRODUCT_NAME = "$(TARGET_NAME)";
				SWIFT_EMIT_LOC_STRINGS = NO;
				SWIFT_VERSION = 5.0;
				TARGETED_DEVICE_FAMILY = "1,2";
				TEST_TARGET_NAME = WA6_Abdo_8674;
			};
			name = Release;
		};
/* End XCBuildConfiguration section */

/* Begin XCConfigurationList section */
		8563AF882CC9811900DAF27E /* Build configuration list for PBXProject "WA6_Abdo_8674" */ = {
			isa = XCConfigurationList;
			buildConfigurations = (
				8563AFB92CC9811D00DAF27E /* Debug */,
				8563AFBA2CC9811D00DAF27E /* Release */,
			);
			defaultConfigurationIsVisible = 0;
			defaultConfigurationName = Release;
		};
		8563AFB62CC9811D00DAF27E /* Build configuration list for PBXNativeTarget "WA6_Abdo_8674" */ = {
			isa = XCConfigurationList;
			buildConfigurations = (
				8563AFB72CC9811D00DAF27E /* Debug */,
				8563AFB82CC9811D00DAF27E /* Release */,
			);
			defaultConfigurationIsVisible = 0;
			defaultConfigurationName = Release;
		};
		8563AFBB2CC9811D00DAF27E /* Build configuration list for PBXNativeTarget "WA6_Abdo_8674Tests" */ = {
			isa = XCConfigurationList;
			buildConfigurations = (
				8563AFBC2CC9811D00DAF27E /* Debug */,
				8563AFBD2CC9811D00DAF27E /* Release */,
			);
			defaultConfigurationIsVisible = 0;
			defaultConfigurationName = Release;
		};
		8563AFBE2CC9811D00DAF27E /* Build configuration list for PBXNativeTarget "WA6_Abdo_8674UITests" */ = {
			isa = XCConfigurationList;
			buildConfigurations = (
				8563AFBF2CC9811D00DAF27E /* Debug */,
				8563AFC02CC9811D00DAF27E /* Release */,
			);
			defaultConfigurationIsVisible = 0;
			defaultConfigurationName = Release;
		};
/* End XCConfigurationList section */

/* Begin XCRemoteSwiftPackageReference section */
		8563AFC12CC9867000DAF27E /* XCRemoteSwiftPackageReference "Alamofire" */ = {
			isa = XCRemoteSwiftPackageReference;
			repositoryURL = "https://github.com/Alamofire/Alamofire.git";
			requirement = {
				kind = upToNextMajorVersion;
				minimumVersion = 5.10.1;
			};
		};
/* End XCRemoteSwiftPackageReference section */

/* Begin XCSwiftPackageProductDependency section */
		855BFC032CCA9A6500EB01D7 /* Alamofire */ = {
			isa = XCSwiftPackageProductDependency;
			package = 8563AFC12CC9867000DAF27E /* XCRemoteSwiftPackageReference "Alamofire" */;
			productName = Alamofire;
		};
/* End XCSwiftPackageProductDependency section */
	};
	rootObject = 8563AF852CC9811900DAF27E /* Project object */;
}
