// !$*UTF8*$!
{
	archiveVersion = 1;
	classes = {
	};
	objectVersion = 77;
	objects = {

/* Begin PBXBuildFile section */
		4C3EB25EC8FC6CDDAF8D3922 /* Pods_NutriSyncTests.framework in Frameworks */ = {isa = PBXBuildFile; fileRef = 5E50C4AEBDF6ED4C3606F478 /* Pods_NutriSyncTests.framework */; };
		5719D9DE55B66F4D95CE3A99 /* Pods_NutriSync.framework in Frameworks */ = {isa = PBXBuildFile; fileRef = EFDC72EF1EE460DF46ABC226 /* Pods_NutriSync.framework */; };
		84AAE2949FE0B299EF14FB45 /* Pods_NutriSync_NutriSyncUITests.framework in Frameworks */ = {isa = PBXBuildFile; fileRef = 20D844DB4AEC6882F6D31422 /* Pods_NutriSync_NutriSyncUITests.framework */; };
/* End PBXBuildFile section */

/* Begin PBXContainerItemProxy section */
		8B0AC8942CD52E6B00B84C3D /* PBXContainerItemProxy */ = {
			isa = PBXContainerItemProxy;
			containerPortal = 8B0AC8752CD52E6A00B84C3D /* Project object */;
			proxyType = 1;
			remoteGlobalIDString = 8B0AC87C2CD52E6A00B84C3D;
			remoteInfo = NutriSync;
		};
		8B0AC89E2CD52E6B00B84C3D /* PBXContainerItemProxy */ = {
			isa = PBXContainerItemProxy;
			containerPortal = 8B0AC8752CD52E6A00B84C3D /* Project object */;
			proxyType = 1;
			remoteGlobalIDString = 8B0AC87C2CD52E6A00B84C3D;
			remoteInfo = NutriSync;
		};
/* End PBXContainerItemProxy section */

/* Begin PBXFileReference section */
		17F8D67ABB08B64EB54049BC /* Pods-NutriSync.debug.xcconfig */ = {isa = PBXFileReference; includeInIndex = 1; lastKnownFileType = text.xcconfig; name = "Pods-NutriSync.debug.xcconfig"; path = "Target Support Files/Pods-NutriSync/Pods-NutriSync.debug.xcconfig"; sourceTree = "<group>"; };
		20D844DB4AEC6882F6D31422 /* Pods_NutriSync_NutriSyncUITests.framework */ = {isa = PBXFileReference; explicitFileType = wrapper.framework; includeInIndex = 0; path = Pods_NutriSync_NutriSyncUITests.framework; sourceTree = BUILT_PRODUCTS_DIR; };
		52F44E557BB2454076EF60E5 /* Pods-NutriSync-NutriSyncUITests.debug.xcconfig */ = {isa = PBXFileReference; includeInIndex = 1; lastKnownFileType = text.xcconfig; name = "Pods-NutriSync-NutriSyncUITests.debug.xcconfig"; path = "Target Support Files/Pods-NutriSync-NutriSyncUITests/Pods-NutriSync-NutriSyncUITests.debug.xcconfig"; sourceTree = "<group>"; };
		5E50C4AEBDF6ED4C3606F478 /* Pods_NutriSyncTests.framework */ = {isa = PBXFileReference; explicitFileType = wrapper.framework; includeInIndex = 0; path = Pods_NutriSyncTests.framework; sourceTree = BUILT_PRODUCTS_DIR; };
		5FE769EE8C152A8022D7EDDF /* Pods-NutriSync.release.xcconfig */ = {isa = PBXFileReference; includeInIndex = 1; lastKnownFileType = text.xcconfig; name = "Pods-NutriSync.release.xcconfig"; path = "Target Support Files/Pods-NutriSync/Pods-NutriSync.release.xcconfig"; sourceTree = "<group>"; };
		753F889D78CDFB9E0EFD6FFB /* Pods-NutriSyncTests.debug.xcconfig */ = {isa = PBXFileReference; includeInIndex = 1; lastKnownFileType = text.xcconfig; name = "Pods-NutriSyncTests.debug.xcconfig"; path = "Target Support Files/Pods-NutriSyncTests/Pods-NutriSyncTests.debug.xcconfig"; sourceTree = "<group>"; };
		8B09C34D2CECFA350093A5FC /* APIKeys.xcconfig */ = {isa = PBXFileReference; lastKnownFileType = text.xcconfig; path = APIKeys.xcconfig; sourceTree = "<group>"; };
		8B0AC87D2CD52E6A00B84C3D /* NutriSync.app */ = {isa = PBXFileReference; explicitFileType = wrapper.application; includeInIndex = 0; path = NutriSync.app; sourceTree = BUILT_PRODUCTS_DIR; };
		8B0AC8932CD52E6B00B84C3D /* NutriSyncTests.xctest */ = {isa = PBXFileReference; explicitFileType = wrapper.cfbundle; includeInIndex = 0; path = NutriSyncTests.xctest; sourceTree = BUILT_PRODUCTS_DIR; };
		8B0AC89D2CD52E6B00B84C3D /* NutriSyncUITests.xctest */ = {isa = PBXFileReference; explicitFileType = wrapper.cfbundle; includeInIndex = 0; path = NutriSyncUITests.xctest; sourceTree = BUILT_PRODUCTS_DIR; };
		97356676E3B7497281950D58 /* Pods-NutriSync-NutriSyncUITests.release.xcconfig */ = {isa = PBXFileReference; includeInIndex = 1; lastKnownFileType = text.xcconfig; name = "Pods-NutriSync-NutriSyncUITests.release.xcconfig"; path = "Target Support Files/Pods-NutriSync-NutriSyncUITests/Pods-NutriSync-NutriSyncUITests.release.xcconfig"; sourceTree = "<group>"; };
		EFDC72EF1EE460DF46ABC226 /* Pods_NutriSync.framework */ = {isa = PBXFileReference; explicitFileType = wrapper.framework; includeInIndex = 0; path = Pods_NutriSync.framework; sourceTree = BUILT_PRODUCTS_DIR; };
		F94EC01F6F3DA5975A216643 /* Pods-NutriSyncTests.release.xcconfig */ = {isa = PBXFileReference; includeInIndex = 1; lastKnownFileType = text.xcconfig; name = "Pods-NutriSyncTests.release.xcconfig"; path = "Target Support Files/Pods-NutriSyncTests/Pods-NutriSyncTests.release.xcconfig"; sourceTree = "<group>"; };
/* End PBXFileReference section */

/* Begin PBXFileSystemSynchronizedBuildFileExceptionSet section */
		8B0AC8A52CD52E6B00B84C3D /* Exceptions for "NutriSync" folder in "NutriSync" target */ = {
			isa = PBXFileSystemSynchronizedBuildFileExceptionSet;
			membershipExceptions = (
				Info.plist,
			);
			target = 8B0AC87C2CD52E6A00B84C3D /* NutriSync */;
		};
/* End PBXFileSystemSynchronizedBuildFileExceptionSet section */

/* Begin PBXFileSystemSynchronizedRootGroup section */
		8B0AC87F2CD52E6A00B84C3D /* NutriSync */ = {
			isa = PBXFileSystemSynchronizedRootGroup;
			exceptions = (
				8B0AC8A52CD52E6B00B84C3D /* Exceptions for "NutriSync" folder in "NutriSync" target */,
			);
			path = NutriSync;
			sourceTree = "<group>";
		};
		8B0AC8962CD52E6B00B84C3D /* NutriSyncTests */ = {
			isa = PBXFileSystemSynchronizedRootGroup;
			path = NutriSyncTests;
			sourceTree = "<group>";
		};
		8B0AC8A02CD52E6B00B84C3D /* NutriSyncUITests */ = {
			isa = PBXFileSystemSynchronizedRootGroup;
			path = NutriSyncUITests;
			sourceTree = "<group>";
		};
/* End PBXFileSystemSynchronizedRootGroup section */

/* Begin PBXFrameworksBuildPhase section */
		8B0AC87A2CD52E6A00B84C3D /* Frameworks */ = {
			isa = PBXFrameworksBuildPhase;
			buildActionMask = 2147483647;
			files = (
				5719D9DE55B66F4D95CE3A99 /* Pods_NutriSync.framework in Frameworks */,
			);
			runOnlyForDeploymentPostprocessing = 0;
		};
		8B0AC8902CD52E6B00B84C3D /* Frameworks */ = {
			isa = PBXFrameworksBuildPhase;
			buildActionMask = 2147483647;
			files = (
				4C3EB25EC8FC6CDDAF8D3922 /* Pods_NutriSyncTests.framework in Frameworks */,
			);
			runOnlyForDeploymentPostprocessing = 0;
		};
		8B0AC89A2CD52E6B00B84C3D /* Frameworks */ = {
			isa = PBXFrameworksBuildPhase;
			buildActionMask = 2147483647;
			files = (
				84AAE2949FE0B299EF14FB45 /* Pods_NutriSync_NutriSyncUITests.framework in Frameworks */,
			);
			runOnlyForDeploymentPostprocessing = 0;
		};
/* End PBXFrameworksBuildPhase section */

/* Begin PBXGroup section */
		574B2A98415C91519CB59182 /* Pods */ = {
			isa = PBXGroup;
			children = (
				17F8D67ABB08B64EB54049BC /* Pods-NutriSync.debug.xcconfig */,
				5FE769EE8C152A8022D7EDDF /* Pods-NutriSync.release.xcconfig */,
				52F44E557BB2454076EF60E5 /* Pods-NutriSync-NutriSyncUITests.debug.xcconfig */,
				97356676E3B7497281950D58 /* Pods-NutriSync-NutriSyncUITests.release.xcconfig */,
				753F889D78CDFB9E0EFD6FFB /* Pods-NutriSyncTests.debug.xcconfig */,
				F94EC01F6F3DA5975A216643 /* Pods-NutriSyncTests.release.xcconfig */,
			);
			path = Pods;
			sourceTree = "<group>";
		};
		8B0AC8742CD52E6A00B84C3D = {
			isa = PBXGroup;
			children = (
				8B09C34D2CECFA350093A5FC /* APIKeys.xcconfig */,
				8B0AC87F2CD52E6A00B84C3D /* NutriSync */,
				8B0AC8962CD52E6B00B84C3D /* NutriSyncTests */,
				8B0AC8A02CD52E6B00B84C3D /* NutriSyncUITests */,
				8B0AC87E2CD52E6A00B84C3D /* Products */,
				574B2A98415C91519CB59182 /* Pods */,
				C843AE70EB6A77322C510E59 /* Frameworks */,
			);
			sourceTree = "<group>";
		};
		8B0AC87E2CD52E6A00B84C3D /* Products */ = {
			isa = PBXGroup;
			children = (
				8B0AC87D2CD52E6A00B84C3D /* NutriSync.app */,
				8B0AC8932CD52E6B00B84C3D /* NutriSyncTests.xctest */,
				8B0AC89D2CD52E6B00B84C3D /* NutriSyncUITests.xctest */,
			);
			name = Products;
			sourceTree = "<group>";
		};
		C843AE70EB6A77322C510E59 /* Frameworks */ = {
			isa = PBXGroup;
			children = (
				EFDC72EF1EE460DF46ABC226 /* Pods_NutriSync.framework */,
				20D844DB4AEC6882F6D31422 /* Pods_NutriSync_NutriSyncUITests.framework */,
				5E50C4AEBDF6ED4C3606F478 /* Pods_NutriSyncTests.framework */,
			);
			name = Frameworks;
			sourceTree = "<group>";
		};
/* End PBXGroup section */

/* Begin PBXNativeTarget section */
		8B0AC87C2CD52E6A00B84C3D /* NutriSync */ = {
			isa = PBXNativeTarget;
			buildConfigurationList = 8B0AC8A62CD52E6B00B84C3D /* Build configuration list for PBXNativeTarget "NutriSync" */;
			buildPhases = (
				93657308BB8BF45A5A7CEACE /* [CP] Check Pods Manifest.lock */,
				8B0AC8792CD52E6A00B84C3D /* Sources */,
				8B0AC87A2CD52E6A00B84C3D /* Frameworks */,
				8B0AC87B2CD52E6A00B84C3D /* Resources */,
				A00A54611F8E7963442FC254 /* [CP] Embed Pods Frameworks */,
			);
			buildRules = (
			);
			dependencies = (
			);
			fileSystemSynchronizedGroups = (
				8B0AC87F2CD52E6A00B84C3D /* NutriSync */,
			);
			name = NutriSync;
			productName = NutriSync;
			productReference = 8B0AC87D2CD52E6A00B84C3D /* NutriSync.app */;
			productType = "com.apple.product-type.application";
		};
		8B0AC8922CD52E6B00B84C3D /* NutriSyncTests */ = {
			isa = PBXNativeTarget;
			buildConfigurationList = 8B0AC8AB2CD52E6B00B84C3D /* Build configuration list for PBXNativeTarget "NutriSyncTests" */;
			buildPhases = (
				8725FDA54B109DFF5A97785E /* [CP] Check Pods Manifest.lock */,
				8B0AC88F2CD52E6B00B84C3D /* Sources */,
				8B0AC8902CD52E6B00B84C3D /* Frameworks */,
				8B0AC8912CD52E6B00B84C3D /* Resources */,
			);
			buildRules = (
			);
			dependencies = (
				8B0AC8952CD52E6B00B84C3D /* PBXTargetDependency */,
			);
			fileSystemSynchronizedGroups = (
				8B0AC8962CD52E6B00B84C3D /* NutriSyncTests */,
			);
			name = NutriSyncTests;
			productName = NutriSyncTests;
			productReference = 8B0AC8932CD52E6B00B84C3D /* NutriSyncTests.xctest */;
			productType = "com.apple.product-type.bundle.unit-test";
		};
		8B0AC89C2CD52E6B00B84C3D /* NutriSyncUITests */ = {
			isa = PBXNativeTarget;
			buildConfigurationList = 8B0AC8AE2CD52E6B00B84C3D /* Build configuration list for PBXNativeTarget "NutriSyncUITests" */;
			buildPhases = (
				AD83066D069E3443E6D9E977 /* [CP] Check Pods Manifest.lock */,
				8B0AC8992CD52E6B00B84C3D /* Sources */,
				8B0AC89A2CD52E6B00B84C3D /* Frameworks */,
				8B0AC89B2CD52E6B00B84C3D /* Resources */,
				1E46FBC0B6A3D468853BEA2B /* [CP] Embed Pods Frameworks */,
			);
			buildRules = (
			);
			dependencies = (
				8B0AC89F2CD52E6B00B84C3D /* PBXTargetDependency */,
			);
			fileSystemSynchronizedGroups = (
				8B0AC8A02CD52E6B00B84C3D /* NutriSyncUITests */,
			);
			name = NutriSyncUITests;
			productName = NutriSyncUITests;
			productReference = 8B0AC89D2CD52E6B00B84C3D /* NutriSyncUITests.xctest */;
			productType = "com.apple.product-type.bundle.ui-testing";
		};
/* End PBXNativeTarget section */

/* Begin PBXProject section */
		8B0AC8752CD52E6A00B84C3D /* Project object */ = {
			isa = PBXProject;
			attributes = {
				BuildIndependentTargetsInParallel = 1;
				LastSwiftUpdateCheck = 1610;
				LastUpgradeCheck = 1610;
				TargetAttributes = {
					8B0AC87C2CD52E6A00B84C3D = {
						CreatedOnToolsVersion = 16.1;
					};
					8B0AC8922CD52E6B00B84C3D = {
						CreatedOnToolsVersion = 16.1;
						TestTargetID = 8B0AC87C2CD52E6A00B84C3D;
					};
					8B0AC89C2CD52E6B00B84C3D = {
						CreatedOnToolsVersion = 16.1;
						TestTargetID = 8B0AC87C2CD52E6A00B84C3D;
					};
				};
			};
			buildConfigurationList = 8B0AC8782CD52E6A00B84C3D /* Build configuration list for PBXProject "NutriSync" */;
			developmentRegion = en;
			hasScannedForEncodings = 0;
			knownRegions = (
				en,
				Base,
			);
			mainGroup = 8B0AC8742CD52E6A00B84C3D;
			minimizedProjectReferenceProxies = 1;
			preferredProjectObjectVersion = 77;
			productRefGroup = 8B0AC87E2CD52E6A00B84C3D /* Products */;
			projectDirPath = "";
			projectRoot = "";
			targets = (
				8B0AC87C2CD52E6A00B84C3D /* NutriSync */,
				8B0AC8922CD52E6B00B84C3D /* NutriSyncTests */,
				8B0AC89C2CD52E6B00B84C3D /* NutriSyncUITests */,
			);
		};
/* End PBXProject section */

/* Begin PBXResourcesBuildPhase section */
		8B0AC87B2CD52E6A00B84C3D /* Resources */ = {
			isa = PBXResourcesBuildPhase;
			buildActionMask = 2147483647;
			files = (
			);
			runOnlyForDeploymentPostprocessing = 0;
		};
		8B0AC8912CD52E6B00B84C3D /* Resources */ = {
			isa = PBXResourcesBuildPhase;
			buildActionMask = 2147483647;
			files = (
			);
			runOnlyForDeploymentPostprocessing = 0;
		};
		8B0AC89B2CD52E6B00B84C3D /* Resources */ = {
			isa = PBXResourcesBuildPhase;
			buildActionMask = 2147483647;
			files = (
			);
			runOnlyForDeploymentPostprocessing = 0;
		};
/* End PBXResourcesBuildPhase section */

/* Begin PBXShellScriptBuildPhase section */
		1E46FBC0B6A3D468853BEA2B /* [CP] Embed Pods Frameworks */ = {
			isa = PBXShellScriptBuildPhase;
			buildActionMask = 2147483647;
			files = (
			);
			inputFileListPaths = (
				"${PODS_ROOT}/Target Support Files/Pods-NutriSync-NutriSyncUITests/Pods-NutriSync-NutriSyncUITests-frameworks-${CONFIGURATION}-input-files.xcfilelist",
			);
			name = "[CP] Embed Pods Frameworks";
			outputFileListPaths = (
				"${PODS_ROOT}/Target Support Files/Pods-NutriSync-NutriSyncUITests/Pods-NutriSync-NutriSyncUITests-frameworks-${CONFIGURATION}-output-files.xcfilelist",
			);
			runOnlyForDeploymentPostprocessing = 0;
			shellPath = /bin/sh;
			shellScript = "\"${PODS_ROOT}/Target Support Files/Pods-NutriSync-NutriSyncUITests/Pods-NutriSync-NutriSyncUITests-frameworks.sh\"\n";
			showEnvVarsInLog = 0;
		};
		8725FDA54B109DFF5A97785E /* [CP] Check Pods Manifest.lock */ = {
			isa = PBXShellScriptBuildPhase;
			buildActionMask = 2147483647;
			files = (
			);
			inputFileListPaths = (
			);
			inputPaths = (
				"${PODS_PODFILE_DIR_PATH}/Podfile.lock",
				"${PODS_ROOT}/Manifest.lock",
			);
			name = "[CP] Check Pods Manifest.lock";
			outputFileListPaths = (
			);
			outputPaths = (
				"$(DERIVED_FILE_DIR)/Pods-NutriSyncTests-checkManifestLockResult.txt",
			);
			runOnlyForDeploymentPostprocessing = 0;
			shellPath = /bin/sh;
			shellScript = "diff \"${PODS_PODFILE_DIR_PATH}/Podfile.lock\" \"${PODS_ROOT}/Manifest.lock\" > /dev/null\nif [ $? != 0 ] ; then\n    # print error to STDERR\n    echo \"error: The sandbox is not in sync with the Podfile.lock. Run 'pod install' or update your CocoaPods installation.\" >&2\n    exit 1\nfi\n# This output is used by Xcode 'outputs' to avoid re-running this script phase.\necho \"SUCCESS\" > \"${SCRIPT_OUTPUT_FILE_0}\"\n";
			showEnvVarsInLog = 0;
		};
		93657308BB8BF45A5A7CEACE /* [CP] Check Pods Manifest.lock */ = {
			isa = PBXShellScriptBuildPhase;
			buildActionMask = 2147483647;
			files = (
			);
			inputFileListPaths = (
			);
			inputPaths = (
				"${PODS_PODFILE_DIR_PATH}/Podfile.lock",
				"${PODS_ROOT}/Manifest.lock",
			);
			name = "[CP] Check Pods Manifest.lock";
			outputFileListPaths = (
			);
			outputPaths = (
				"$(DERIVED_FILE_DIR)/Pods-NutriSync-checkManifestLockResult.txt",
			);
			runOnlyForDeploymentPostprocessing = 0;
			shellPath = /bin/sh;
			shellScript = "diff \"${PODS_PODFILE_DIR_PATH}/Podfile.lock\" \"${PODS_ROOT}/Manifest.lock\" > /dev/null\nif [ $? != 0 ] ; then\n    # print error to STDERR\n    echo \"error: The sandbox is not in sync with the Podfile.lock. Run 'pod install' or update your CocoaPods installation.\" >&2\n    exit 1\nfi\n# This output is used by Xcode 'outputs' to avoid re-running this script phase.\necho \"SUCCESS\" > \"${SCRIPT_OUTPUT_FILE_0}\"\n";
			showEnvVarsInLog = 0;
		};
		A00A54611F8E7963442FC254 /* [CP] Embed Pods Frameworks */ = {
			isa = PBXShellScriptBuildPhase;
			buildActionMask = 2147483647;
			files = (
			);
			inputFileListPaths = (
				"${PODS_ROOT}/Target Support Files/Pods-NutriSync/Pods-NutriSync-frameworks-${CONFIGURATION}-input-files.xcfilelist",
			);
			name = "[CP] Embed Pods Frameworks";
			outputFileListPaths = (
				"${PODS_ROOT}/Target Support Files/Pods-NutriSync/Pods-NutriSync-frameworks-${CONFIGURATION}-output-files.xcfilelist",
			);
			runOnlyForDeploymentPostprocessing = 0;
			shellPath = /bin/sh;
			shellScript = "\"${PODS_ROOT}/Target Support Files/Pods-NutriSync/Pods-NutriSync-frameworks.sh\"\n";
			showEnvVarsInLog = 0;
		};
		AD83066D069E3443E6D9E977 /* [CP] Check Pods Manifest.lock */ = {
			isa = PBXShellScriptBuildPhase;
			buildActionMask = 2147483647;
			files = (
			);
			inputFileListPaths = (
			);
			inputPaths = (
				"${PODS_PODFILE_DIR_PATH}/Podfile.lock",
				"${PODS_ROOT}/Manifest.lock",
			);
			name = "[CP] Check Pods Manifest.lock";
			outputFileListPaths = (
			);
			outputPaths = (
				"$(DERIVED_FILE_DIR)/Pods-NutriSync-NutriSyncUITests-checkManifestLockResult.txt",
			);
			runOnlyForDeploymentPostprocessing = 0;
			shellPath = /bin/sh;
			shellScript = "diff \"${PODS_PODFILE_DIR_PATH}/Podfile.lock\" \"${PODS_ROOT}/Manifest.lock\" > /dev/null\nif [ $? != 0 ] ; then\n    # print error to STDERR\n    echo \"error: The sandbox is not in sync with the Podfile.lock. Run 'pod install' or update your CocoaPods installation.\" >&2\n    exit 1\nfi\n# This output is used by Xcode 'outputs' to avoid re-running this script phase.\necho \"SUCCESS\" > \"${SCRIPT_OUTPUT_FILE_0}\"\n";
			showEnvVarsInLog = 0;
		};
/* End PBXShellScriptBuildPhase section */

/* Begin PBXSourcesBuildPhase section */
		8B0AC8792CD52E6A00B84C3D /* Sources */ = {
			isa = PBXSourcesBuildPhase;
			buildActionMask = 2147483647;
			files = (
			);
			runOnlyForDeploymentPostprocessing = 0;
		};
		8B0AC88F2CD52E6B00B84C3D /* Sources */ = {
			isa = PBXSourcesBuildPhase;
			buildActionMask = 2147483647;
			files = (
			);
			runOnlyForDeploymentPostprocessing = 0;
		};
		8B0AC8992CD52E6B00B84C3D /* Sources */ = {
			isa = PBXSourcesBuildPhase;
			buildActionMask = 2147483647;
			files = (
			);
			runOnlyForDeploymentPostprocessing = 0;
		};
/* End PBXSourcesBuildPhase section */

/* Begin PBXTargetDependency section */
		8B0AC8952CD52E6B00B84C3D /* PBXTargetDependency */ = {
			isa = PBXTargetDependency;
			target = 8B0AC87C2CD52E6A00B84C3D /* NutriSync */;
			targetProxy = 8B0AC8942CD52E6B00B84C3D /* PBXContainerItemProxy */;
		};
		8B0AC89F2CD52E6B00B84C3D /* PBXTargetDependency */ = {
			isa = PBXTargetDependency;
			target = 8B0AC87C2CD52E6A00B84C3D /* NutriSync */;
			targetProxy = 8B0AC89E2CD52E6B00B84C3D /* PBXContainerItemProxy */;
		};
/* End PBXTargetDependency section */

/* Begin XCBuildConfiguration section */
		8B0AC8A72CD52E6B00B84C3D /* Debug */ = {
			isa = XCBuildConfiguration;
			baseConfigurationReference = 17F8D67ABB08B64EB54049BC /* Pods-NutriSync.debug.xcconfig */;
			buildSettings = {
				ASSETCATALOG_COMPILER_APPICON_NAME = AppIcon;
				ASSETCATALOG_COMPILER_GLOBAL_ACCENT_COLOR_NAME = AccentColor;
				CODE_SIGN_STYLE = Automatic;
				CURRENT_PROJECT_VERSION = 1;
				DEVELOPMENT_TEAM = 3L56GRV7HK;
				ENABLE_USER_SCRIPT_SANDBOXING = NO;
				GENERATE_INFOPLIST_FILE = YES;
				INFOPLIST_FILE = NutriSync/Info.plist;
				INFOPLIST_KEY_UIApplicationSupportsIndirectInputEvents = YES;
				INFOPLIST_KEY_UILaunchStoryboardName = LaunchScreen;
				INFOPLIST_KEY_UIMainStoryboardFile = Main;
				INFOPLIST_KEY_UISupportedInterfaceOrientations_iPad = "UIInterfaceOrientationPortrait UIInterfaceOrientationPortraitUpsideDown UIInterfaceOrientationLandscapeLeft UIInterfaceOrientationLandscapeRight";
				INFOPLIST_KEY_UISupportedInterfaceOrientations_iPhone = "UIInterfaceOrientationPortrait UIInterfaceOrientationLandscapeLeft UIInterfaceOrientationLandscapeRight";
				IPHONEOS_DEPLOYMENT_TARGET = 18.0;
				LD_RUNPATH_SEARCH_PATHS = (
					"$(inherited)",
					"@executable_path/Frameworks",
				);
				MARKETING_VERSION = 1.0;
				PRODUCT_BUNDLE_IDENTIFIER = com.dschaeffer.NutriSync;
				PRODUCT_NAME = "$(TARGET_NAME)";
				SWIFT_EMIT_LOC_STRINGS = YES;
				SWIFT_VERSION = 5.0;
				TARGETED_DEVICE_FAMILY = "1,2";
			};
			name = Debug;
		};
		8B0AC8A82CD52E6B00B84C3D /* Release */ = {
			isa = XCBuildConfiguration;
			baseConfigurationReference = 5FE769EE8C152A8022D7EDDF /* Pods-NutriSync.release.xcconfig */;
			buildSettings = {
				ASSETCATALOG_COMPILER_APPICON_NAME = AppIcon;
				ASSETCATALOG_COMPILER_GLOBAL_ACCENT_COLOR_NAME = AccentColor;
				CODE_SIGN_STYLE = Automatic;
				CURRENT_PROJECT_VERSION = 1;
				DEVELOPMENT_TEAM = 3L56GRV7HK;
				ENABLE_USER_SCRIPT_SANDBOXING = NO;
				GENERATE_INFOPLIST_FILE = YES;
				INFOPLIST_FILE = NutriSync/Info.plist;
				INFOPLIST_KEY_UIApplicationSupportsIndirectInputEvents = YES;
				INFOPLIST_KEY_UILaunchStoryboardName = LaunchScreen;
				INFOPLIST_KEY_UIMainStoryboardFile = Main;
				INFOPLIST_KEY_UISupportedInterfaceOrientations_iPad = "UIInterfaceOrientationPortrait UIInterfaceOrientationPortraitUpsideDown UIInterfaceOrientationLandscapeLeft UIInterfaceOrientationLandscapeRight";
				INFOPLIST_KEY_UISupportedInterfaceOrientations_iPhone = "UIInterfaceOrientationPortrait UIInterfaceOrientationLandscapeLeft UIInterfaceOrientationLandscapeRight";
				IPHONEOS_DEPLOYMENT_TARGET = 18.0;
				LD_RUNPATH_SEARCH_PATHS = (
					"$(inherited)",
					"@executable_path/Frameworks",
				);
				MARKETING_VERSION = 1.0;
				PRODUCT_BUNDLE_IDENTIFIER = com.dschaeffer.NutriSync;
				PRODUCT_NAME = "$(TARGET_NAME)";
				SWIFT_EMIT_LOC_STRINGS = YES;
				SWIFT_VERSION = 5.0;
				TARGETED_DEVICE_FAMILY = "1,2";
			};
			name = Release;
		};
		8B0AC8A92CD52E6B00B84C3D /* Debug */ = {
			isa = XCBuildConfiguration;
			baseConfigurationReference = 8B09C34D2CECFA350093A5FC /* APIKeys.xcconfig */;
			buildSettings = {
				ALWAYS_SEARCH_USER_PATHS = NO;
				ASSETCATALOG_COMPILER_GENERATE_SWIFT_ASSET_SYMBOL_EXTENSIONS = YES;
				CLANG_ANALYZER_NONNULL = YES;
				CLANG_ANALYZER_NUMBER_OBJECT_CONVERSION = YES_AGGRESSIVE;
				CLANG_CXX_LANGUAGE_STANDARD = "gnu++20";
				CLANG_ENABLE_MODULES = YES;
				CLANG_ENABLE_OBJC_ARC = YES;
				CLANG_ENABLE_OBJC_WEAK = YES;
				CLANG_WARN_BLOCK_CAPTURE_AUTORELEASING = YES;
				CLANG_WARN_BOOL_CONVERSION = YES;
				CLANG_WARN_COMMA = YES;
				CLANG_WARN_CONSTANT_CONVERSION = YES;
				CLANG_WARN_DEPRECATED_OBJC_IMPLEMENTATIONS = YES;
				CLANG_WARN_DIRECT_OBJC_ISA_USAGE = YES_ERROR;
				CLANG_WARN_DOCUMENTATION_COMMENTS = YES;
				CLANG_WARN_EMPTY_BODY = YES;
				CLANG_WARN_ENUM_CONVERSION = YES;
				CLANG_WARN_INFINITE_RECURSION = YES;
				CLANG_WARN_INT_CONVERSION = YES;
				CLANG_WARN_NON_LITERAL_NULL_CONVERSION = YES;
				CLANG_WARN_OBJC_IMPLICIT_RETAIN_SELF = YES;
				CLANG_WARN_OBJC_LITERAL_CONVERSION = YES;
				CLANG_WARN_OBJC_ROOT_CLASS = YES_ERROR;
				CLANG_WARN_QUOTED_INCLUDE_IN_FRAMEWORK_HEADER = YES;
				CLANG_WARN_RANGE_LOOP_ANALYSIS = YES;
				CLANG_WARN_STRICT_PROTOTYPES = YES;
				CLANG_WARN_SUSPICIOUS_MOVE = YES;
				CLANG_WARN_UNGUARDED_AVAILABILITY = YES_AGGRESSIVE;
				CLANG_WARN_UNREACHABLE_CODE = YES;
				CLANG_WARN__DUPLICATE_METHOD_MATCH = YES;
				COPY_PHASE_STRIP = NO;
				DEBUG_INFORMATION_FORMAT = dwarf;
				ENABLE_STRICT_OBJC_MSGSEND = YES;
				ENABLE_TESTABILITY = YES;
				ENABLE_USER_SCRIPT_SANDBOXING = NO;
				GCC_C_LANGUAGE_STANDARD = gnu17;
				GCC_DYNAMIC_NO_PIC = NO;
				GCC_NO_COMMON_BLOCKS = YES;
				GCC_OPTIMIZATION_LEVEL = 0;
				GCC_PREPROCESSOR_DEFINITIONS = (
					"DEBUG=1",
					"$(inherited)",
				);
				GCC_WARN_64_TO_32_BIT_CONVERSION = YES;
				GCC_WARN_ABOUT_RETURN_TYPE = YES_ERROR;
				GCC_WARN_UNDECLARED_SELECTOR = YES;
				GCC_WARN_UNINITIALIZED_AUTOS = YES_AGGRESSIVE;
				GCC_WARN_UNUSED_FUNCTION = YES;
				GCC_WARN_UNUSED_VARIABLE = YES;
				IPHONEOS_DEPLOYMENT_TARGET = 18.0;
				LOCALIZATION_PREFERS_STRING_CATALOGS = YES;
				MTL_ENABLE_DEBUG_INFO = INCLUDE_SOURCE;
				MTL_FAST_MATH = YES;
				ONLY_ACTIVE_ARCH = YES;
				SDKROOT = iphoneos;
				SWIFT_ACTIVE_COMPILATION_CONDITIONS = "DEBUG $(inherited)";
				SWIFT_OPTIMIZATION_LEVEL = "-Onone";
			};
			name = Debug;
		};
		8B0AC8AA2CD52E6B00B84C3D /* Release */ = {
			isa = XCBuildConfiguration;
			baseConfigurationReference = 8B09C34D2CECFA350093A5FC /* APIKeys.xcconfig */;
			buildSettings = {
				ALWAYS_SEARCH_USER_PATHS = NO;
				ASSETCATALOG_COMPILER_GENERATE_SWIFT_ASSET_SYMBOL_EXTENSIONS = YES;
				CLANG_ANALYZER_NONNULL = YES;
				CLANG_ANALYZER_NUMBER_OBJECT_CONVERSION = YES_AGGRESSIVE;
				CLANG_CXX_LANGUAGE_STANDARD = "gnu++20";
				CLANG_ENABLE_MODULES = YES;
				CLANG_ENABLE_OBJC_ARC = YES;
				CLANG_ENABLE_OBJC_WEAK = YES;
				CLANG_WARN_BLOCK_CAPTURE_AUTORELEASING = YES;
				CLANG_WARN_BOOL_CONVERSION = YES;
				CLANG_WARN_COMMA = YES;
				CLANG_WARN_CONSTANT_CONVERSION = YES;
				CLANG_WARN_DEPRECATED_OBJC_IMPLEMENTATIONS = YES;
				CLANG_WARN_DIRECT_OBJC_ISA_USAGE = YES_ERROR;
				CLANG_WARN_DOCUMENTATION_COMMENTS = YES;
				CLANG_WARN_EMPTY_BODY = YES;
				CLANG_WARN_ENUM_CONVERSION = YES;
				CLANG_WARN_INFINITE_RECURSION = YES;
				CLANG_WARN_INT_CONVERSION = YES;
				CLANG_WARN_NON_LITERAL_NULL_CONVERSION = YES;
				CLANG_WARN_OBJC_IMPLICIT_RETAIN_SELF = YES;
				CLANG_WARN_OBJC_LITERAL_CONVERSION = YES;
				CLANG_WARN_OBJC_ROOT_CLASS = YES_ERROR;
				CLANG_WARN_QUOTED_INCLUDE_IN_FRAMEWORK_HEADER = YES;
				CLANG_WARN_RANGE_LOOP_ANALYSIS = YES;
				CLANG_WARN_STRICT_PROTOTYPES = YES;
				CLANG_WARN_SUSPICIOUS_MOVE = YES;
				CLANG_WARN_UNGUARDED_AVAILABILITY = YES_AGGRESSIVE;
				CLANG_WARN_UNREACHABLE_CODE = YES;
				CLANG_WARN__DUPLICATE_METHOD_MATCH = YES;
				COPY_PHASE_STRIP = NO;
				DEBUG_INFORMATION_FORMAT = "dwarf-with-dsym";
				ENABLE_NS_ASSERTIONS = NO;
				ENABLE_STRICT_OBJC_MSGSEND = YES;
				ENABLE_USER_SCRIPT_SANDBOXING = NO;
				GCC_C_LANGUAGE_STANDARD = gnu17;
				GCC_NO_COMMON_BLOCKS = YES;
				GCC_WARN_64_TO_32_BIT_CONVERSION = YES;
				GCC_WARN_ABOUT_RETURN_TYPE = YES_ERROR;
				GCC_WARN_UNDECLARED_SELECTOR = YES;
				GCC_WARN_UNINITIALIZED_AUTOS = YES_AGGRESSIVE;
				GCC_WARN_UNUSED_FUNCTION = YES;
				GCC_WARN_UNUSED_VARIABLE = YES;
				IPHONEOS_DEPLOYMENT_TARGET = 18.0;
				LOCALIZATION_PREFERS_STRING_CATALOGS = YES;
				MTL_ENABLE_DEBUG_INFO = NO;
				MTL_FAST_MATH = YES;
				SDKROOT = iphoneos;
				SWIFT_COMPILATION_MODE = wholemodule;
				VALIDATE_PRODUCT = YES;
			};
			name = Release;
		};
		8B0AC8AC2CD52E6B00B84C3D /* Debug */ = {
			isa = XCBuildConfiguration;
			baseConfigurationReference = 753F889D78CDFB9E0EFD6FFB /* Pods-NutriSyncTests.debug.xcconfig */;
			buildSettings = {
				BUNDLE_LOADER = "$(TEST_HOST)";
				CODE_SIGN_STYLE = Automatic;
				CURRENT_PROJECT_VERSION = 1;
				DEVELOPMENT_TEAM = 3L56GRV7HK;
				GENERATE_INFOPLIST_FILE = YES;
				IPHONEOS_DEPLOYMENT_TARGET = 18.1;
				MARKETING_VERSION = 1.0;
				PRODUCT_BUNDLE_IDENTIFIER = com.dschaeffer.NutriSyncTests;
				PRODUCT_NAME = "$(TARGET_NAME)";
				SWIFT_EMIT_LOC_STRINGS = NO;
				SWIFT_VERSION = 5.0;
				TARGETED_DEVICE_FAMILY = "1,2";
				TEST_HOST = "$(BUILT_PRODUCTS_DIR)/NutriSync.app/$(BUNDLE_EXECUTABLE_FOLDER_PATH)/NutriSync";
			};
			name = Debug;
		};
		8B0AC8AD2CD52E6B00B84C3D /* Release */ = {
			isa = XCBuildConfiguration;
			baseConfigurationReference = F94EC01F6F3DA5975A216643 /* Pods-NutriSyncTests.release.xcconfig */;
			buildSettings = {
				BUNDLE_LOADER = "$(TEST_HOST)";
				CODE_SIGN_STYLE = Automatic;
				CURRENT_PROJECT_VERSION = 1;
				DEVELOPMENT_TEAM = 3L56GRV7HK;
				GENERATE_INFOPLIST_FILE = YES;
				IPHONEOS_DEPLOYMENT_TARGET = 18.1;
				MARKETING_VERSION = 1.0;
				PRODUCT_BUNDLE_IDENTIFIER = com.dschaeffer.NutriSyncTests;
				PRODUCT_NAME = "$(TARGET_NAME)";
				SWIFT_EMIT_LOC_STRINGS = NO;
				SWIFT_VERSION = 5.0;
				TARGETED_DEVICE_FAMILY = "1,2";
				TEST_HOST = "$(BUILT_PRODUCTS_DIR)/NutriSync.app/$(BUNDLE_EXECUTABLE_FOLDER_PATH)/NutriSync";
			};
			name = Release;
		};
		8B0AC8AF2CD52E6B00B84C3D /* Debug */ = {
			isa = XCBuildConfiguration;
			baseConfigurationReference = 52F44E557BB2454076EF60E5 /* Pods-NutriSync-NutriSyncUITests.debug.xcconfig */;
			buildSettings = {
				CODE_SIGN_STYLE = Automatic;
				CURRENT_PROJECT_VERSION = 1;
				DEVELOPMENT_TEAM = 3L56GRV7HK;
				GENERATE_INFOPLIST_FILE = YES;
				MARKETING_VERSION = 1.0;
				PRODUCT_BUNDLE_IDENTIFIER = com.dschaeffer.NutriSyncUITests;
				PRODUCT_NAME = "$(TARGET_NAME)";
				SWIFT_EMIT_LOC_STRINGS = NO;
				SWIFT_VERSION = 5.0;
				TARGETED_DEVICE_FAMILY = "1,2";
				TEST_TARGET_NAME = NutriSync;
			};
			name = Debug;
		};
		8B0AC8B02CD52E6B00B84C3D /* Release */ = {
			isa = XCBuildConfiguration;
			baseConfigurationReference = 97356676E3B7497281950D58 /* Pods-NutriSync-NutriSyncUITests.release.xcconfig */;
			buildSettings = {
				CODE_SIGN_STYLE = Automatic;
				CURRENT_PROJECT_VERSION = 1;
				DEVELOPMENT_TEAM = 3L56GRV7HK;
				GENERATE_INFOPLIST_FILE = YES;
				MARKETING_VERSION = 1.0;
				PRODUCT_BUNDLE_IDENTIFIER = com.dschaeffer.NutriSyncUITests;
				PRODUCT_NAME = "$(TARGET_NAME)";
				SWIFT_EMIT_LOC_STRINGS = NO;
				SWIFT_VERSION = 5.0;
				TARGETED_DEVICE_FAMILY = "1,2";
				TEST_TARGET_NAME = NutriSync;
			};
			name = Release;
		};
/* End XCBuildConfiguration section */

/* Begin XCConfigurationList section */
		8B0AC8782CD52E6A00B84C3D /* Build configuration list for PBXProject "NutriSync" */ = {
			isa = XCConfigurationList;
			buildConfigurations = (
				8B0AC8A92CD52E6B00B84C3D /* Debug */,
				8B0AC8AA2CD52E6B00B84C3D /* Release */,
			);
			defaultConfigurationIsVisible = 0;
			defaultConfigurationName = Release;
		};
		8B0AC8A62CD52E6B00B84C3D /* Build configuration list for PBXNativeTarget "NutriSync" */ = {
			isa = XCConfigurationList;
			buildConfigurations = (
				8B0AC8A72CD52E6B00B84C3D /* Debug */,
				8B0AC8A82CD52E6B00B84C3D /* Release */,
			);
			defaultConfigurationIsVisible = 0;
			defaultConfigurationName = Release;
		};
		8B0AC8AB2CD52E6B00B84C3D /* Build configuration list for PBXNativeTarget "NutriSyncTests" */ = {
			isa = XCConfigurationList;
			buildConfigurations = (
				8B0AC8AC2CD52E6B00B84C3D /* Debug */,
				8B0AC8AD2CD52E6B00B84C3D /* Release */,
			);
			defaultConfigurationIsVisible = 0;
			defaultConfigurationName = Release;
		};
		8B0AC8AE2CD52E6B00B84C3D /* Build configuration list for PBXNativeTarget "NutriSyncUITests" */ = {
			isa = XCConfigurationList;
			buildConfigurations = (
				8B0AC8AF2CD52E6B00B84C3D /* Debug */,
				8B0AC8B02CD52E6B00B84C3D /* Release */,
			);
			defaultConfigurationIsVisible = 0;
			defaultConfigurationName = Release;
		};
/* End XCConfigurationList section */
	};
	rootObject = 8B0AC8752CD52E6A00B84C3D /* Project object */;
}
